
Microsoft Visual Studio Solution File, Format Version 12.00
# Visual Studio Version 17
VisualStudioVersion = 17.9.34607.119
MinimumVisualStudioVersion = 10.0.40219.1
Project("{9A19103F-16F7-4668-BE54-9A1E7A4F7556}") = "SchemaTron", "SchemaTron\src\SchemaTron.csproj", "{420DF5E7-DF81-4C03-B169-451C85DCBC9B}"
EndProject
Project("{9A19103F-16F7-4668-BE54-9A1E7A4F7556}") = "SchemaTron.Test", "SchemaTron\test\SchemaTron.Test.csproj", "{8EC7AAD8-D4AA-4345-B493-53984FF5A6BE}"
EndProject
Project("{9A19103F-16F7-4668-BE54-9A1E7A4F7556}") = "Schematron.Benchmark", "Schematron.Benchmark\Schematron.Benchmark.csproj", "{06685F62-9E66-46D9-B25A-AC00013DC711}"
EndProject
Project("{9A19103F-16F7-4668-BE54-9A1E7A4F7556}") = "SchemaTron.Console", "SchemaTron.Console\SchemaTron.Console.csproj", "{5B69F568-0F8E-4FC8-A707-86D8A405A8BE}"
EndProject
Project("{9A19103F-16F7-4668-BE54-9A1E7A4F7556}") = "Schematron.XsltValidator", "Schematron.XsltValidator\Schematron.XsltValidator.csproj", "{46A41909-E71A-402E-8147-F95C8B92AD77}"
EndProject
Project("{9A19103F-16F7-4668-BE54-9A1E7A4F7556}") = "Schematron.XsltValidator.App", "Schematron.XsltValidator.App\Schematron.XsltValidator.App.csproj", "{F852A1CE-9F61-4AB6-A5FC-0E4965209F22}"
EndProject
Project("{2150E333-8FDC-42A3-9474-1A3956D46DE8}") = "Solution Items", "Solution Items", "{BD9B3188-0413-431E-8CBB-85F0A82402D9}"
	ProjectSection(SolutionItems) = preProject
		.gitattributes = .gitattributes
		.gitignore = .gitignore
		LICENSE.txt = LICENSE.txt
		README.md = README.md
	EndProjectSection
EndProject
Global
	GlobalSection(SolutionConfigurationPlatforms) = preSolution
		Debug|Any CPU = Debug|Any CPU
		Release|Any CPU = Release|Any CPU
	EndGlobalSection
	GlobalSection(ProjectConfigurationPlatforms) = postSolution
		{420DF5E7-DF81-4C03-B169-451C85DCBC9B}.Debug|Any CPU.ActiveCfg = Debug|Any CPU
		{420DF5E7-DF81-4C03-B169-451C85DCBC9B}.Debug|Any CPU.Build.0 = Debug|Any CPU
		{420DF5E7-DF81-4C03-B169-451C85DCBC9B}.Release|Any CPU.ActiveCfg = Release|Any CPU
		{420DF5E7-DF81-4C03-B169-451C85DCBC9B}.Release|Any CPU.Build.0 = Release|Any CPU
		{8EC7AAD8-D4AA-4345-B493-53984FF5A6BE}.Debug|Any CPU.ActiveCfg = Debug|Any CPU
		{8EC7AAD8-D4AA-4345-B493-53984FF5A6BE}.Debug|Any CPU.Build.0 = Debug|Any CPU
		{8EC7AAD8-D4AA-4345-B493-53984FF5A6BE}.Release|Any CPU.ActiveCfg = Release|Any CPU
		{8EC7AAD8-D4AA-4345-B493-53984FF5A6BE}.Release|Any CPU.Build.0 = Release|Any CPU
		{06685F62-9E66-46D9-B25A-AC00013DC711}.Debug|Any CPU.ActiveCfg = Debug|Any CPU
		{06685F62-9E66-46D9-B25A-AC00013DC711}.Debug|Any CPU.Build.0 = Debug|Any CPU
		{06685F62-9E66-46D9-B25A-AC00013DC711}.Release|Any CPU.ActiveCfg = Release|Any CPU
		{06685F62-9E66-46D9-B25A-AC00013DC711}.Release|Any CPU.Build.0 = Release|Any CPU
		{5B69F568-0F8E-4FC8-A707-86D8A405A8BE}.Debug|Any CPU.ActiveCfg = Debug|Any CPU
		{5B69F568-0F8E-4FC8-A707-86D8A405A8BE}.Debug|Any CPU.Build.0 = Debug|Any CPU
		{5B69F568-0F8E-4FC8-A707-86D8A405A8BE}.Release|Any CPU.ActiveCfg = Release|Any CPU
		{5B69F568-0F8E-4FC8-A707-86D8A405A8BE}.Release|Any CPU.Build.0 = Release|Any CPU
		{46A41909-E71A-402E-8147-F95C8B92AD77}.Debug|Any CPU.ActiveCfg = Debug|Any CPU
		{46A41909-E71A-402E-8147-F95C8B92AD77}.Debug|Any CPU.Build.0 = Debug|Any CPU
		{46A41909-E71A-402E-8147-F95C8B92AD77}.Release|Any CPU.ActiveCfg = Release|Any CPU
		{46A41909-E71A-402E-8147-F95C8B92AD77}.Release|Any CPU.Build.0 = Release|Any CPU
		{F852A1CE-9F61-4AB6-A5FC-0E4965209F22}.Debug|Any CPU.ActiveCfg = Debug|Any CPU
		{F852A1CE-9F61-4AB6-A5FC-0E4965209F22}.Debug|Any CPU.Build.0 = Debug|Any CPU
		{F852A1CE-9F61-4AB6-A5FC-0E4965209F22}.Release|Any CPU.ActiveCfg = Release|Any CPU
		{F852A1CE-9F61-4AB6-A5FC-0E4965209F22}.Release|Any CPU.Build.0 = Release|Any CPU
	EndGlobalSection
	GlobalSection(SolutionProperties) = preSolution
		HideSolutionNode = FALSE
	EndGlobalSection
	GlobalSection(ExtensibilityGlobals) = postSolution
		SolutionGuid = {D45B1BAA-4C92-47A5-911C-57D3989C636D}
	EndGlobalSection
EndGlobal
